
Microsoft Visual Studio Solution File, Format Version 12.00
# Visual Studio Version 17
VisualStudioVersion = 17.4.33213.308
MinimumVisualStudioVersion = 10.0.40219.1
Project("{FAE04EC0-301F-11D3-BF4B-00C04F79EFBC}") = "PL", "PL\PL.csproj", "{B1578BBC-977D-447A-9B56-7FAB6D6A9296}"
EndProject
Global
	GlobalSection(SolutionConfigurationPlatforms) = preSolution
		Debug|Any CPU = Debug|Any CPU
		Release|Any CPU = Release|Any CPU
	EndGlobalSection
	GlobalSection(ProjectConfigurationPlatforms) = postSolution
		{B1578BBC-977D-447A-9B56-7FAB6D6A9296}.Debug|Any CPU.ActiveCfg = Debug|Any CPU
		{B1578BBC-977D-447A-9B56-7FAB6D6A9296}.Debug|Any CPU.Build.0 = Debug|Any CPU
		{B1578BBC-977D-447A-9B56-7FAB6D6A9296}.Release|Any CPU.ActiveCfg = Release|Any CPU
		{B1578BBC-977D-447A-9B56-7FAB6D6A9296}.Release|Any CPU.Build.0 = Release|Any CPU
	EndGlobalSection
	GlobalSection(SolutionProperties) = preSolution
		HideSolutionNode = FALSE
	EndGlobalSection
	GlobalSection(ExtensibilityGlobals) = postSolution
		SolutionGuid = {A6A2208A-F8F5-4C3A-A539-A5472F58399B}
	EndGlobalSection
EndGlobal
